
Microsoft Visual Studio Solution File, Format Version 12.00
# Visual Studio 2012
Project("{FAE04EC0-301F-11D3-BF4B-00C04F79EFBC}") = "traverse.gtfs.models", "traverse.gtfs.models\traverse.gtfs.models.csproj", "{EA538332-114F-4D2F-94F1-4EF19844422D}"
EndProject
Project("{2150E333-8FDC-42A3-9474-1A3956D46DE8}") = "Solution Items", "Solution Items", "{A6B15F88-6831-4559-AC72-B784D53D14B2}"
	ProjectSection(SolutionItems) = preProject
		README.md = README.md
	EndProjectSection
EndProject
Project("{FAE04EC0-301F-11D3-BF4B-00C04F79EFBC}") = "traverse.domain.services", "traverse.domain.services\traverse.domain.services.csproj", "{AEB7B3D1-07BF-4CAE-B1E5-12150672C581}"
EndProject
Project("{2150E333-8FDC-42A3-9474-1A3956D46DE8}") = "Tests", "Tests", "{2FBD7A27-D264-49F5-8F87-2778BD3CA078}"
EndProject
Project("{FAE04EC0-301F-11D3-BF4B-00C04F79EFBC}") = "traverse.domain.services.tests", "traverse.domain.services.tests\traverse.domain.services.tests.csproj", "{84D76AD0-F483-45DB-A615-A39DCA0B0ED6}"
EndProject
Project("{FAE04EC0-301F-11D3-BF4B-00C04F79EFBC}") = "traverse.onebusaway.models", "traverse.onebusaway.models\traverse.onebusaway.models.csproj", "{BB4ECF74-E7FA-474C-9A5E-097EFC8918E5}"
EndProject
Project("{FAE04EC0-301F-11D3-BF4B-00C04F79EFBC}") = "traverse.orca.models", "traverse.orca.models\traverse.orca.models.csproj", "{98CC0301-CC8A-49AB-B58A-8A03261DF635}"
EndProject
Global
	GlobalSection(SolutionConfigurationPlatforms) = preSolution
		Debug|Any CPU = Debug|Any CPU
		Release|Any CPU = Release|Any CPU
	EndGlobalSection
	GlobalSection(ProjectConfigurationPlatforms) = postSolution
		{EA538332-114F-4D2F-94F1-4EF19844422D}.Debug|Any CPU.ActiveCfg = Debug|Any CPU
		{EA538332-114F-4D2F-94F1-4EF19844422D}.Debug|Any CPU.Build.0 = Debug|Any CPU
		{EA538332-114F-4D2F-94F1-4EF19844422D}.Release|Any CPU.ActiveCfg = Release|Any CPU
		{EA538332-114F-4D2F-94F1-4EF19844422D}.Release|Any CPU.Build.0 = Release|Any CPU
		{AEB7B3D1-07BF-4CAE-B1E5-12150672C581}.Debug|Any CPU.ActiveCfg = Debug|Any CPU
		{AEB7B3D1-07BF-4CAE-B1E5-12150672C581}.Debug|Any CPU.Build.0 = Debug|Any CPU
		{AEB7B3D1-07BF-4CAE-B1E5-12150672C581}.Release|Any CPU.ActiveCfg = Release|Any CPU
		{AEB7B3D1-07BF-4CAE-B1E5-12150672C581}.Release|Any CPU.Build.0 = Release|Any CPU
		{84D76AD0-F483-45DB-A615-A39DCA0B0ED6}.Debug|Any CPU.ActiveCfg = Debug|Any CPU
		{84D76AD0-F483-45DB-A615-A39DCA0B0ED6}.Debug|Any CPU.Build.0 = Debug|Any CPU
		{84D76AD0-F483-45DB-A615-A39DCA0B0ED6}.Release|Any CPU.ActiveCfg = Release|Any CPU
		{84D76AD0-F483-45DB-A615-A39DCA0B0ED6}.Release|Any CPU.Build.0 = Release|Any CPU
		{BB4ECF74-E7FA-474C-9A5E-097EFC8918E5}.Debug|Any CPU.ActiveCfg = Debug|Any CPU
		{BB4ECF74-E7FA-474C-9A5E-097EFC8918E5}.Debug|Any CPU.Build.0 = Debug|Any CPU
		{BB4ECF74-E7FA-474C-9A5E-097EFC8918E5}.Release|Any CPU.ActiveCfg = Release|Any CPU
		{BB4ECF74-E7FA-474C-9A5E-097EFC8918E5}.Release|Any CPU.Build.0 = Release|Any CPU
		{98CC0301-CC8A-49AB-B58A-8A03261DF635}.Debug|Any CPU.ActiveCfg = Debug|Any CPU
		{98CC0301-CC8A-49AB-B58A-8A03261DF635}.Debug|Any CPU.Build.0 = Debug|Any CPU
		{98CC0301-CC8A-49AB-B58A-8A03261DF635}.Release|Any CPU.ActiveCfg = Release|Any CPU
		{98CC0301-CC8A-49AB-B58A-8A03261DF635}.Release|Any CPU.Build.0 = Release|Any CPU
	EndGlobalSection
	GlobalSection(SolutionProperties) = preSolution
		HideSolutionNode = FALSE
	EndGlobalSection
	GlobalSection(NestedProjects) = preSolution
		{84D76AD0-F483-45DB-A615-A39DCA0B0ED6} = {2FBD7A27-D264-49F5-8F87-2778BD3CA078}
	EndGlobalSection
EndGlobal
