
Microsoft Visual Studio Solution File, Format Version 12.00
# Visual Studio 2012
Project("{FAE04EC0-301F-11D3-BF4B-00C04F79EFBC}") = "traverse.gtfs.models", "traverse.gtfs.models\traverse.gtfs.models.csproj", "{EA538332-114F-4D2F-94F1-4EF19844422D}"
EndProject
Global
	GlobalSection(SolutionConfigurationPlatforms) = preSolution
		Debug|Any CPU = Debug|Any CPU
		Release|Any CPU = Release|Any CPU
	EndGlobalSection
	GlobalSection(ProjectConfigurationPlatforms) = postSolution
		{EA538332-114F-4D2F-94F1-4EF19844422D}.Debug|Any CPU.ActiveCfg = Debug|Any CPU
		{EA538332-114F-4D2F-94F1-4EF19844422D}.Debug|Any CPU.Build.0 = Debug|Any CPU
		{EA538332-114F-4D2F-94F1-4EF19844422D}.Release|Any CPU.ActiveCfg = Release|Any CPU
		{EA538332-114F-4D2F-94F1-4EF19844422D}.Release|Any CPU.Build.0 = Release|Any CPU
	EndGlobalSection
	GlobalSection(SolutionProperties) = preSolution
		HideSolutionNode = FALSE
	EndGlobalSection
EndGlobal
